
Microsoft Visual Studio Solution File, Format Version 12.00
# Visual Studio Version 16
VisualStudioVersion = 16.0.30517.126
MinimumVisualStudioVersion = 10.0.40219.1
Project("{8BC9CEB8-8B4A-11D0-8D11-00A0C91BC942}") = "Доп 1", "Доп 1\Доп 1.vcxproj", "{C2F4D1AB-E847-477A-B70B-A07E322D8FBB}"
EndProject
Global
	GlobalSection(SolutionConfigurationPlatforms) = preSolution
		Debug|x64 = Debug|x64
		Debug|x86 = Debug|x86
		Release|x64 = Release|x64
		Release|x86 = Release|x86
	EndGlobalSection
	GlobalSection(ProjectConfigurationPlatforms) = postSolution
		{C2F4D1AB-E847-477A-B70B-A07E322D8FBB}.Debug|x64.ActiveCfg = Debug|x64
		{C2F4D1AB-E847-477A-B70B-A07E322D8FBB}.Debug|x64.Build.0 = Debug|x64
		{C2F4D1AB-E847-477A-B70B-A07E322D8FBB}.Debug|x86.ActiveCfg = Debug|Win32
		{C2F4D1AB-E847-477A-B70B-A07E322D8FBB}.Debug|x86.Build.0 = Debug|Win32
		{C2F4D1AB-E847-477A-B70B-A07E322D8FBB}.Release|x64.ActiveCfg = Release|x64
		{C2F4D1AB-E847-477A-B70B-A07E322D8FBB}.Release|x64.Build.0 = Release|x64
		{C2F4D1AB-E847-477A-B70B-A07E322D8FBB}.Release|x86.ActiveCfg = Release|Win32
		{C2F4D1AB-E847-477A-B70B-A07E322D8FBB}.Release|x86.Build.0 = Release|Win32
	EndGlobalSection
	GlobalSection(SolutionProperties) = preSolution
		HideSolutionNode = FALSE
	EndGlobalSection
	GlobalSection(ExtensibilityGlobals) = postSolution
		SolutionGuid = {1633DFEC-EB70-4405-A45B-91FC92523D92}
	EndGlobalSection
EndGlobal
