
Microsoft Visual Studio Solution File, Format Version 12.00
# Visual Studio Version 16
VisualStudioVersion = 16.0.30517.126
MinimumVisualStudioVersion = 10.0.40219.1
Project("{8BC9CEB8-8B4A-11D0-8D11-00A0C91BC942}") = "ConsoleApplication1", "ConsoleApplication1\ConsoleApplication1.vcxproj", "{DE9CE513-4214-4691-A436-72E0F13464C5}"
EndProject
Global
	GlobalSection(SolutionConfigurationPlatforms) = preSolution
		Debug|x64 = Debug|x64
		Debug|x86 = Debug|x86
		Release|x64 = Release|x64
		Release|x86 = Release|x86
	EndGlobalSection
	GlobalSection(ProjectConfigurationPlatforms) = postSolution
		{DE9CE513-4214-4691-A436-72E0F13464C5}.Debug|x64.ActiveCfg = Debug|x64
		{DE9CE513-4214-4691-A436-72E0F13464C5}.Debug|x64.Build.0 = Debug|x64
		{DE9CE513-4214-4691-A436-72E0F13464C5}.Debug|x86.ActiveCfg = Debug|Win32
		{DE9CE513-4214-4691-A436-72E0F13464C5}.Debug|x86.Build.0 = Debug|Win32
		{DE9CE513-4214-4691-A436-72E0F13464C5}.Release|x64.ActiveCfg = Release|x64
		{DE9CE513-4214-4691-A436-72E0F13464C5}.Release|x64.Build.0 = Release|x64
		{DE9CE513-4214-4691-A436-72E0F13464C5}.Release|x86.ActiveCfg = Release|Win32
		{DE9CE513-4214-4691-A436-72E0F13464C5}.Release|x86.Build.0 = Release|Win32
	EndGlobalSection
	GlobalSection(SolutionProperties) = preSolution
		HideSolutionNode = FALSE
	EndGlobalSection
	GlobalSection(ExtensibilityGlobals) = postSolution
		SolutionGuid = {624CA0C2-1592-4081-AC93-61D2C463B472}
	EndGlobalSection
EndGlobal
