
Microsoft Visual Studio Solution File, Format Version 12.00
# Visual Studio Version 16
VisualStudioVersion = 16.0.30517.126
MinimumVisualStudioVersion = 10.0.40219.1
Project("{8BC9CEB8-8B4A-11D0-8D11-00A0C91BC942}") = "Задача про натуральные числа", "Задача про натуральные числа\Задача про натуральные числа.vcxproj", "{333EB60A-0CB5-4FFA-91C3-F192C01FB03A}"
EndProject
Global
	GlobalSection(SolutionConfigurationPlatforms) = preSolution
		Debug|x64 = Debug|x64
		Debug|x86 = Debug|x86
		Release|x64 = Release|x64
		Release|x86 = Release|x86
	EndGlobalSection
	GlobalSection(ProjectConfigurationPlatforms) = postSolution
		{333EB60A-0CB5-4FFA-91C3-F192C01FB03A}.Debug|x64.ActiveCfg = Debug|x64
		{333EB60A-0CB5-4FFA-91C3-F192C01FB03A}.Debug|x64.Build.0 = Debug|x64
		{333EB60A-0CB5-4FFA-91C3-F192C01FB03A}.Debug|x86.ActiveCfg = Debug|Win32
		{333EB60A-0CB5-4FFA-91C3-F192C01FB03A}.Debug|x86.Build.0 = Debug|Win32
		{333EB60A-0CB5-4FFA-91C3-F192C01FB03A}.Release|x64.ActiveCfg = Release|x64
		{333EB60A-0CB5-4FFA-91C3-F192C01FB03A}.Release|x64.Build.0 = Release|x64
		{333EB60A-0CB5-4FFA-91C3-F192C01FB03A}.Release|x86.ActiveCfg = Release|Win32
		{333EB60A-0CB5-4FFA-91C3-F192C01FB03A}.Release|x86.Build.0 = Release|Win32
	EndGlobalSection
	GlobalSection(SolutionProperties) = preSolution
		HideSolutionNode = FALSE
	EndGlobalSection
	GlobalSection(ExtensibilityGlobals) = postSolution
		SolutionGuid = {4B43A32A-9F86-4E41-81CE-9AAA3DD8E304}
	EndGlobalSection
EndGlobal
